
Microsoft Visual Studio Solution File, Format Version 12.00
Project("{FAE04EC0-301F-11D3-BF4B-00C04F79EFBC}") = "Aassur", "Aassur\Aassur.csproj", "{31784388-7C4E-4087-A23D-3FC03AD580A7}"
EndProject
Global
	GlobalSection(SolutionConfigurationPlatforms) = preSolution
		Debug|Any CPU = Debug|Any CPU
		Release|Any CPU = Release|Any CPU
	EndGlobalSection
	GlobalSection(ProjectConfigurationPlatforms) = postSolution
		{31784388-7C4E-4087-A23D-3FC03AD580A7}.Debug|Any CPU.ActiveCfg = Debug|Any CPU
		{31784388-7C4E-4087-A23D-3FC03AD580A7}.Debug|Any CPU.Build.0 = Debug|Any CPU
		{31784388-7C4E-4087-A23D-3FC03AD580A7}.Release|Any CPU.ActiveCfg = Release|Any CPU
		{31784388-7C4E-4087-A23D-3FC03AD580A7}.Release|Any CPU.Build.0 = Release|Any CPU
	EndGlobalSection
EndGlobal
